
Microsoft Visual Studio Solution File, Format Version 12.00
# Visual Studio Version 17
VisualStudioVersion = 17.3.32922.545
MinimumVisualStudioVersion = 10.0.40219.1
Project("{9A19103F-16F7-4668-BE54-9A1E7A4F7556}") = "AprendendoNovaVersao", "AprendendoNovaVersao\AprendendoNovaVersao.csproj", "{0D452812-947E-48CF-BE7A-DD0CFAB33F21}"
EndProject
Project("{FAE04EC0-301F-11D3-BF4B-00C04F79EFBC}") = "ProjetoTestes", "ProjetoTestes\ProjetoTestes.csproj", "{4F763486-EE21-45F5-9C89-D5CA1A37081D}"
EndProject
Global
	GlobalSection(SolutionConfigurationPlatforms) = preSolution
		Debug|Any CPU = Debug|Any CPU
		Release|Any CPU = Release|Any CPU
	EndGlobalSection
	GlobalSection(ProjectConfigurationPlatforms) = postSolution
		{0D452812-947E-48CF-BE7A-DD0CFAB33F21}.Debug|Any CPU.ActiveCfg = Debug|Any CPU
		{0D452812-947E-48CF-BE7A-DD0CFAB33F21}.Debug|Any CPU.Build.0 = Debug|Any CPU
		{0D452812-947E-48CF-BE7A-DD0CFAB33F21}.Release|Any CPU.ActiveCfg = Release|Any CPU
		{0D452812-947E-48CF-BE7A-DD0CFAB33F21}.Release|Any CPU.Build.0 = Release|Any CPU
		{4F763486-EE21-45F5-9C89-D5CA1A37081D}.Debug|Any CPU.ActiveCfg = Debug|Any CPU
		{4F763486-EE21-45F5-9C89-D5CA1A37081D}.Debug|Any CPU.Build.0 = Debug|Any CPU
		{4F763486-EE21-45F5-9C89-D5CA1A37081D}.Release|Any CPU.ActiveCfg = Release|Any CPU
		{4F763486-EE21-45F5-9C89-D5CA1A37081D}.Release|Any CPU.Build.0 = Release|Any CPU
	EndGlobalSection
	GlobalSection(SolutionProperties) = preSolution
		HideSolutionNode = FALSE
	EndGlobalSection
	GlobalSection(ExtensibilityGlobals) = postSolution
		SolutionGuid = {216F4604-EB56-481E-82BC-88124F1A9724}
	EndGlobalSection
EndGlobal
